
Microsoft Visual Studio Solution File, Format Version 12.00
# Visual Studio 2017
Project("{FAE04EC0-301F-11D3-BF4B-00C04F79EFBC}") = "spacial_dogfight", "spacial_dogfight.csproj", "{F2CD7E68-4EE4-D35B-CA7B-4C8D5A9E5E20}"
EndProject
Global
	GlobalSection(SolutionConfigurationPlatforms) = preSolution
		Debug|Any CPU = Debug|Any CPU
		Release|Any CPU = Release|Any CPU
	EndGlobalSection
	GlobalSection(ProjectConfigurationPlatforms) = postSolution
		{F2CD7E68-4EE4-D35B-CA7B-4C8D5A9E5E20}.Debug|Any CPU.ActiveCfg = Debug|Any CPU
		{F2CD7E68-4EE4-D35B-CA7B-4C8D5A9E5E20}.Debug|Any CPU.Build.0 = Debug|Any CPU
		{F2CD7E68-4EE4-D35B-CA7B-4C8D5A9E5E20}.Release|Any CPU.ActiveCfg = Release|Any CPU
		{F2CD7E68-4EE4-D35B-CA7B-4C8D5A9E5E20}.Release|Any CPU.Build.0 = Release|Any CPU
	EndGlobalSection
	GlobalSection(SolutionProperties) = preSolution
		HideSolutionNode = FALSE
	EndGlobalSection
EndGlobal
